
Microsoft Visual Studio Solution File, Format Version 12.00
# Visual Studio Express 14 for Windows Desktop
VisualStudioVersion = 14.0.25420.1
MinimumVisualStudioVersion = 10.0.40219.1
Project("{8BC9CEB8-8B4A-11D0-8D11-00A0C91BC942}") = "DartExt", "DartExt\DartExt.vcxproj", "{A279405B-EDC9-4463-9615-C8ADCC2201F9}"
	ProjectSection(ProjectDependencies) = postProject
		{86E1102E-F7DB-4C05-9EAD-510F473D72C5} = {86E1102E-F7DB-4C05-9EAD-510F473D72C5}
	EndProjectSection
EndProject
Project("{8BC9CEB8-8B4A-11D0-8D11-00A0C91BC942}") = "TestDartExt", "TestDartExt\TestDartExt.vcxproj", "{80970039-6A20-4F5F-8963-62A085667B0C}"
	ProjectSection(ProjectDependencies) = postProject
		{A279405B-EDC9-4463-9615-C8ADCC2201F9} = {A279405B-EDC9-4463-9615-C8ADCC2201F9}
	EndProjectSection
EndProject
Project("{8BC9CEB8-8B4A-11D0-8D11-00A0C91BC942}") = "AtumDLL", "AtumDLL\AtumDLL.vcxproj", "{86E1102E-F7DB-4C05-9EAD-510F473D72C5}"
EndProject
Global
	GlobalSection(SolutionConfigurationPlatforms) = preSolution
		Debug|x64 = Debug|x64
		Debug|x86 = Debug|x86
		Release|x64 = Release|x64
		Release|x86 = Release|x86
	EndGlobalSection
	GlobalSection(ProjectConfigurationPlatforms) = postSolution
		{A279405B-EDC9-4463-9615-C8ADCC2201F9}.Debug|x64.ActiveCfg = Debug|x64
		{A279405B-EDC9-4463-9615-C8ADCC2201F9}.Debug|x64.Build.0 = Debug|x64
		{A279405B-EDC9-4463-9615-C8ADCC2201F9}.Debug|x86.ActiveCfg = Debug|Win32
		{A279405B-EDC9-4463-9615-C8ADCC2201F9}.Debug|x86.Build.0 = Debug|Win32
		{A279405B-EDC9-4463-9615-C8ADCC2201F9}.Release|x64.ActiveCfg = Release|x64
		{A279405B-EDC9-4463-9615-C8ADCC2201F9}.Release|x64.Build.0 = Release|x64
		{A279405B-EDC9-4463-9615-C8ADCC2201F9}.Release|x86.ActiveCfg = Release|Win32
		{A279405B-EDC9-4463-9615-C8ADCC2201F9}.Release|x86.Build.0 = Release|Win32
		{80970039-6A20-4F5F-8963-62A085667B0C}.Debug|x64.ActiveCfg = Debug|x64
		{80970039-6A20-4F5F-8963-62A085667B0C}.Debug|x64.Build.0 = Debug|x64
		{80970039-6A20-4F5F-8963-62A085667B0C}.Debug|x86.ActiveCfg = Debug|Win32
		{80970039-6A20-4F5F-8963-62A085667B0C}.Debug|x86.Build.0 = Debug|Win32
		{80970039-6A20-4F5F-8963-62A085667B0C}.Release|x64.ActiveCfg = Release|x64
		{80970039-6A20-4F5F-8963-62A085667B0C}.Release|x64.Build.0 = Release|x64
		{80970039-6A20-4F5F-8963-62A085667B0C}.Release|x86.ActiveCfg = Release|Win32
		{80970039-6A20-4F5F-8963-62A085667B0C}.Release|x86.Build.0 = Release|Win32
		{86E1102E-F7DB-4C05-9EAD-510F473D72C5}.Debug|x64.ActiveCfg = Debug|x64
		{86E1102E-F7DB-4C05-9EAD-510F473D72C5}.Debug|x64.Build.0 = Debug|x64
		{86E1102E-F7DB-4C05-9EAD-510F473D72C5}.Debug|x86.ActiveCfg = Debug|Win32
		{86E1102E-F7DB-4C05-9EAD-510F473D72C5}.Debug|x86.Build.0 = Debug|Win32
		{86E1102E-F7DB-4C05-9EAD-510F473D72C5}.Release|x64.ActiveCfg = Release|x64
		{86E1102E-F7DB-4C05-9EAD-510F473D72C5}.Release|x64.Build.0 = Release|x64
		{86E1102E-F7DB-4C05-9EAD-510F473D72C5}.Release|x86.ActiveCfg = Release|Win32
		{86E1102E-F7DB-4C05-9EAD-510F473D72C5}.Release|x86.Build.0 = Release|Win32
	EndGlobalSection
	GlobalSection(SolutionProperties) = preSolution
		HideSolutionNode = FALSE
	EndGlobalSection
EndGlobal
