<?xml version="1.0" encoding="utf-8"?>
<Project ToolsVersion="4.0" xmlns="http://schemas.microsoft.com/developer/msbuild/2003">
  <ItemGroup>
    <Filter Include="Source Files">
      <UniqueIdentifier>{4FC737F1-C7A5-4376-A066-2A32D752A2FF}</UniqueIdentifier>
      <Extensions>cpp;c;cc;cxx;def;odl;idl;hpj;bat;asm;asmx</Extensions>
    </Filter>
    <Filter Include="Header Files">
      <UniqueIdentifier>{93995380-89BD-4b04-88EB-625FBE52EBFB}</UniqueIdentifier>
      <Extensions>h;hh;hpp;hxx;hm;inl;inc;xsd</Extensions>
    </Filter>
    <Filter Include="Resource Files">
      <UniqueIdentifier>{67DA6AB6-F800-4c08-8B7A-83BB121AAD01}</UniqueIdentifier>
      <Extensions>rc;ico;cur;bmp;dlg;rc2;rct;bin;rgs;gif;jpg;jpeg;jpe;resx;tiff;tif;png;wav;mfcribbon-ms</Extensions>
    </Filter>
    <Filter Include="gen">
      <UniqueIdentifier>{be2b226d-7f47-40f3-af09-b0ae1ada99cd}</UniqueIdentifier>
    </Filter>
  </ItemGroup>
  <ItemGroup>
    <ClCompile Include="dllMain.cpp">
      <Filter>Source Files</Filter>
    </ClCompile>
    <ClCompile Include="extension.cpp">
      <Filter>Source Files</Filter>
    </ClCompile>
    <ClCompile Include="gen\PhysBox.gen.cpp">
      <Filter>gen</Filter>
    </ClCompile>
    <ClCompile Include="gen\SceneObject.gen.cpp">
      <Filter>gen</Filter>
    </ClCompile>
    <ClCompile Include="gen\Terrain.gen.cpp">
      <Filter>gen</Filter>
    </ClCompile>
    <ClCompile Include="gen\Scene.gen.cpp">
      <Filter>gen</Filter>
    </ClCompile>
  </ItemGroup>
  <ItemGroup>
    <ClInclude Include="dartHelpers.h">
      <Filter>Header Files</Filter>
    </ClInclude>
    <ClInclude Include="gen\PhysBox.gen.h">
      <Filter>gen</Filter>
    </ClInclude>
    <ClInclude Include="gen\SceneObject.gen.h">
      <Filter>gen</Filter>
    </ClInclude>
    <ClInclude Include="gen\Terrain.gen.h">
      <Filter>gen</Filter>
    </ClInclude>
    <ClInclude Include="gen\Scene.gen.h">
      <Filter>gen</Filter>
    </ClInclude>
  </ItemGroup>
  <ItemGroup>
    <CustomBuild Include="gen\Codegen.exe">
      <Filter>gen</Filter>
    </CustomBuild>
  </ItemGroup>
  <ItemGroup>
    <None Include="gen\gen.cmd">
      <Filter>gen</Filter>
    </None>
    <None Include="gen\PhysBox.rules.json">
      <Filter>gen</Filter>
    </None>
    <None Include="gen\SceneObject.rules.json">
      <Filter>gen</Filter>
    </None>
    <None Include="gen\Terrain.rules.json">
      <Filter>gen</Filter>
    </None>
    <None Include="gen\Scene.rules.json">
      <Filter>gen</Filter>
    </None>
  </ItemGroup>
</Project>